<?xml version="1.0" encoding="UTF-8"?>
<!DOCTYPE plist PUBLIC "-//Apple//DTD PLIST 1.0//EN" "http://www.apple.com/DTDs/PropertyList-1.0.dtd">
<plist version="1.0">
<dict>
	<key>archiveVersion</key>
	<string>1</string>
	<key>classes</key>
	<dict/>
	<key>objectVersion</key>
	<string>46</string>
	<key>objects</key>
	<dict>
		<key>1E735BC995AD4B967B737A85</key>
		<dict>
			<key>includeInIndex</key>
			<string>1</string>
			<key>isa</key>
			<string>PBXFileReference</string>
			<key>lastKnownFileType</key>
			<string>text.xcconfig</string>
			<key>name</key>
			<string>Pods.debug.xcconfig</string>
			<key>path</key>
			<string>Pods/Target Support Files/Pods/Pods.debug.xcconfig</string>
			<key>sourceTree</key>
			<string>&lt;group&gt;</string>
		</dict>
		<key>263E0596FE733FD0B08E6083</key>
		<dict>
			<key>includeInIndex</key>
			<string>1</string>
			<key>isa</key>
			<string>PBXFileReference</string>
			<key>lastKnownFileType</key>
			<string>text.xcconfig</string>
			<key>name</key>
			<string>Pods.release.xcconfig</string>
			<key>path</key>
			<string>Pods/Target Support Files/Pods/Pods.release.xcconfig</string>
			<key>sourceTree</key>
			<string>&lt;group&gt;</string>
		</dict>
		<key>509066C2C1765CE0EB5690D9</key>
		<dict>
			<key>buildActionMask</key>
			<string>2147483647</string>
			<key>files</key>
			<array/>
			<key>inputPaths</key>
			<array/>
			<key>isa</key>
			<string>PBXShellScriptBuildPhase</string>
			<key>name</key>
			<string>Copy Pods Resources</string>
			<key>outputPaths</key>
			<array/>
			<key>runOnlyForDeploymentPostprocessing</key>
			<string>0</string>
			<key>shellPath</key>
			<string>/bin/sh</string>
			<key>shellScript</key>
			<string>"${SRCROOT}/Pods/Target Support Files/Pods/Pods-resources.sh"
</string>
			<key>showEnvVarsInLog</key>
			<string>0</string>
		</dict>
		<key>5C1AC93B1CA6F3500008DC04</key>
		<dict>
			<key>fileEncoding</key>
			<string>4</string>
			<key>isa</key>
			<string>PBXFileReference</string>
			<key>lastKnownFileType</key>
			<string>sourcecode.swift</string>
			<key>path</key>
			<string>WBHomeMyCardViewController.swift</string>
			<key>sourceTree</key>
			<string>&lt;group&gt;</string>
		</dict>
		<key>5C1AC93C1CA6F3500008DC04</key>
		<dict>
			<key>fileRef</key>
			<string>5C1AC93B1CA6F3500008DC04</string>
			<key>isa</key>
			<string>PBXBuildFile</string>
		</dict>
		<key>5C1AC93D1CA76D860008DC04</key>
		<dict>
			<key>fileEncoding</key>
			<string>4</string>
			<key>isa</key>
			<string>PBXFileReference</string>
			<key>lastKnownFileType</key>
			<string>sourcecode.swift</string>
			<key>path</key>
			<string>FETips.swift</string>
			<key>sourceTree</key>
			<string>&lt;group&gt;</string>
		</dict>
		<key>5C1AC93E1CA76D860008DC04</key>
		<dict>
			<key>fileRef</key>
			<string>5C1AC93D1CA76D860008DC04</string>
			<key>isa</key>
			<string>PBXBuildFile</string>
		</dict>
		<key>5C2E79BC1CA67410008F58FF</key>
		<dict>
			<key>children</key>
			<array>
				<string>5C2E79BF1CA67447008F58FF</string>
				<string>5C2E79BE1CA67438008F58FF</string>
				<string>5C2E79BD1CA67427008F58FF</string>
			</array>
			<key>isa</key>
			<string>PBXGroup</string>
			<key>name</key>
			<string>Classes</string>
			<key>sourceTree</key>
			<string>&lt;group&gt;</string>
		</dict>
		<key>5C2E79BD1CA67427008F58FF</key>
		<dict>
			<key>children</key>
			<array>
				<string>5CCC6F081CA6AE3C00109F6E</string>
				<string>5C2E79D11CA676E0008F58FF</string>
				<string>5C2E79C61CA6753F008F58FF</string>
				<string>5C2E79C51CA67535008F58FF</string>
				<string>5C2E79C41CA6752E008F58FF</string>
				<string>5C2E79C31CA674FE008F58FF</string>
			</array>
			<key>isa</key>
			<string>PBXGroup</string>
			<key>name</key>
			<string>Controllers</string>
			<key>sourceTree</key>
			<string>&lt;group&gt;</string>
		</dict>
		<key>5C2E79BE1CA67438008F58FF</key>
		<dict>
			<key>children</key>
			<array/>
			<key>isa</key>
			<string>PBXGroup</string>
			<key>name</key>
			<string>Model</string>
			<key>sourceTree</key>
			<string>&lt;group&gt;</string>
		</dict>
		<key>5C2E79BF1CA67447008F58FF</key>
		<dict>
			<key>children</key>
			<array>
				<string>5CCC6F031CA6A9BE00109F6E</string>
				<string>5C2E79D61CA69675008F58FF</string>
			</array>
			<key>isa</key>
			<string>PBXGroup</string>
			<key>name</key>
			<string>View</string>
			<key>sourceTree</key>
			<string>&lt;group&gt;</string>
		</dict>
		<key>5C2E79C01CA6747C008F58FF</key>
		<dict>
			<key>children</key>
			<array>
				<string>5C1AC93D1CA76D860008DC04</string>
				<string>5CBB52BC1CA670FD00D9AE72</string>
				<string>5C2E79CF1CA6761E008F58FF</string>
				<string>5C2E79D41CA69659008F58FF</string>
			</array>
			<key>isa</key>
			<string>PBXGroup</string>
			<key>name</key>
			<string>Utils</string>
			<key>sourceTree</key>
			<string>&lt;group&gt;</string>
		</dict>
		<key>5C2E79C11CA67483008F58FF</key>
		<dict>
			<key>children</key>
			<array>
				<string>5CBB52C61CA670FD00D9AE72</string>
				<string>5CBB52CB1CA670FD00D9AE72</string>
				<string>5CBB52C31CA670FD00D9AE72</string>
				<string>5C2E79C21CA67493008F58FF</string>
			</array>
			<key>isa</key>
			<string>PBXGroup</string>
			<key>name</key>
			<string>Supporting Files</string>
			<key>sourceTree</key>
			<string>&lt;group&gt;</string>
		</dict>
		<key>5C2E79C21CA67493008F58FF</key>
		<dict>
			<key>children</key>
			<array/>
			<key>isa</key>
			<string>PBXGroup</string>
			<key>name</key>
			<string>Framework</string>
			<key>sourceTree</key>
			<string>&lt;group&gt;</string>
		</dict>
		<key>5C2E79C31CA674FE008F58FF</key>
		<dict>
			<key>children</key>
			<array>
				<string>5C2E79CD1CA6757A008F58FF</string>
				<string>5CD3C14F1CA6C56E00A3541A</string>
				<string>5CCC6F0B1CA6B8F400109F6E</string>
			</array>
			<key>isa</key>
			<string>PBXGroup</string>
			<key>name</key>
			<string>Home</string>
			<key>sourceTree</key>
			<string>&lt;group&gt;</string>
		</dict>
		<key>5C2E79C41CA6752E008F58FF</key>
		<dict>
			<key>children</key>
			<array>
				<string>5C2E79CB1CA67571008F58FF</string>
			</array>
			<key>isa</key>
			<string>PBXGroup</string>
			<key>name</key>
			<string>Message</string>
			<key>sourceTree</key>
			<string>&lt;group&gt;</string>
		</dict>
		<key>5C2E79C51CA67535008F58FF</key>
		<dict>
			<key>children</key>
			<array>
				<string>5C2E79C91CA67566008F58FF</string>
			</array>
			<key>isa</key>
			<string>PBXGroup</string>
			<key>name</key>
			<string>Discover</string>
			<key>sourceTree</key>
			<string>&lt;group&gt;</string>
		</dict>
		<key>5C2E79C61CA6753F008F58FF</key>
		<dict>
			<key>children</key>
			<array>
				<string>5C2E79C71CA67557008F58FF</string>
			</array>
			<key>isa</key>
			<string>PBXGroup</string>
			<key>name</key>
			<string>Profile</string>
			<key>sourceTree</key>
			<string>&lt;group&gt;</string>
		</dict>
		<key>5C2E79C71CA67557008F58FF</key>
		<dict>
			<key>fileEncoding</key>
			<string>4</string>
			<key>isa</key>
			<string>PBXFileReference</string>
			<key>lastKnownFileType</key>
			<string>sourcecode.swift</string>
			<key>path</key>
			<string>WBProfileViewController.swift</string>
			<key>sourceTree</key>
			<string>&lt;group&gt;</string>
		</dict>
		<key>5C2E79C81CA67557008F58FF</key>
		<dict>
			<key>fileRef</key>
			<string>5C2E79C71CA67557008F58FF</string>
			<key>isa</key>
			<string>PBXBuildFile</string>
		</dict>
		<key>5C2E79C91CA67566008F58FF</key>
		<dict>
			<key>fileEncoding</key>
			<string>4</string>
			<key>isa</key>
			<string>PBXFileReference</string>
			<key>lastKnownFileType</key>
			<string>sourcecode.swift</string>
			<key>path</key>
			<string>WBDiscoverViewController.swift</string>
			<key>sourceTree</key>
			<string>&lt;group&gt;</string>
		</dict>
		<key>5C2E79CA1CA67566008F58FF</key>
		<dict>
			<key>fileRef</key>
			<string>5C2E79C91CA67566008F58FF</string>
			<key>isa</key>
			<string>PBXBuildFile</string>
		</dict>
		<key>5C2E79CB1CA67571008F58FF</key>
		<dict>
			<key>fileEncoding</key>
			<string>4</string>
			<key>isa</key>
			<string>PBXFileReference</string>
			<key>lastKnownFileType</key>
			<string>sourcecode.swift</string>
			<key>path</key>
			<string>WBMessageViewController.swift</string>
			<key>sourceTree</key>
			<string>&lt;group&gt;</string>
		</dict>
		<key>5C2E79CC1CA67571008F58FF</key>
		<dict>
			<key>fileRef</key>
			<string>5C2E79CB1CA67571008F58FF</string>
			<key>isa</key>
			<string>PBXBuildFile</string>
		</dict>
		<key>5C2E79CD1CA6757A008F58FF</key>
		<dict>
			<key>fileEncoding</key>
			<string>4</string>
			<key>isa</key>
			<string>PBXFileReference</string>
			<key>lastKnownFileType</key>
			<string>sourcecode.swift</string>
			<key>path</key>
			<string>WBHomeViewController.swift</string>
			<key>sourceTree</key>
			<string>&lt;group&gt;</string>
		</dict>
		<key>5C2E79CE1CA6757A008F58FF</key>
		<dict>
			<key>fileRef</key>
			<string>5C2E79CD1CA6757A008F58FF</string>
			<key>isa</key>
			<string>PBXBuildFile</string>
		</dict>
		<key>5C2E79CF1CA6761E008F58FF</key>
		<dict>
			<key>fileEncoding</key>
			<string>4</string>
			<key>isa</key>
			<string>PBXFileReference</string>
			<key>lastKnownFileType</key>
			<string>sourcecode.swift</string>
			<key>path</key>
			<string>Macros.swift</string>
			<key>sourceTree</key>
			<string>&lt;group&gt;</string>
		</dict>
		<key>5C2E79D01CA6761E008F58FF</key>
		<dict>
			<key>fileRef</key>
			<string>5C2E79CF1CA6761E008F58FF</string>
			<key>isa</key>
			<string>PBXBuildFile</string>
		</dict>
		<key>5C2E79D11CA676E0008F58FF</key>
		<dict>
			<key>children</key>
			<array>
				<string>5C2E79D21CA676FF008F58FF</string>
			</array>
			<key>isa</key>
			<string>PBXGroup</string>
			<key>name</key>
			<string>Main</string>
			<key>sourceTree</key>
			<string>&lt;group&gt;</string>
		</dict>
		<key>5C2E79D21CA676FF008F58FF</key>
		<dict>
			<key>fileEncoding</key>
			<string>4</string>
			<key>isa</key>
			<string>PBXFileReference</string>
			<key>lastKnownFileType</key>
			<string>sourcecode.swift</string>
			<key>path</key>
			<string>WBMainViewController.swift</string>
			<key>sourceTree</key>
			<string>&lt;group&gt;</string>
		</dict>
		<key>5C2E79D31CA676FF008F58FF</key>
		<dict>
			<key>fileRef</key>
			<string>5C2E79D21CA676FF008F58FF</string>
			<key>isa</key>
			<string>PBXBuildFile</string>
		</dict>
		<key>5C2E79D41CA69659008F58FF</key>
		<dict>
			<key>fileEncoding</key>
			<string>4</string>
			<key>isa</key>
			<string>PBXFileReference</string>
			<key>lastKnownFileType</key>
			<string>sourcecode.swift</string>
			<key>path</key>
			<string>WBExtension.swift</string>
			<key>sourceTree</key>
			<string>&lt;group&gt;</string>
		</dict>
		<key>5C2E79D51CA69659008F58FF</key>
		<dict>
			<key>fileRef</key>
			<string>5C2E79D41CA69659008F58FF</string>
			<key>isa</key>
			<string>PBXBuildFile</string>
		</dict>
		<key>5C2E79D61CA69675008F58FF</key>
		<dict>
			<key>children</key>
			<array>
				<string>5C2E79D71CA69694008F58FF</string>
				<string>5CCC6F011CA6A3E500109F6E</string>
			</array>
			<key>isa</key>
			<string>PBXGroup</string>
			<key>name</key>
			<string>Custom</string>
			<key>sourceTree</key>
			<string>&lt;group&gt;</string>
		</dict>
		<key>5C2E79D71CA69694008F58FF</key>
		<dict>
			<key>fileEncoding</key>
			<string>4</string>
			<key>isa</key>
			<string>PBXFileReference</string>
			<key>lastKnownFileType</key>
			<string>sourcecode.swift</string>
			<key>path</key>
			<string>WBVisitorView.swift</string>
			<key>sourceTree</key>
			<string>&lt;group&gt;</string>
		</dict>
		<key>5C2E79D81CA69694008F58FF</key>
		<dict>
			<key>fileRef</key>
			<string>5C2E79D71CA69694008F58FF</string>
			<key>isa</key>
			<string>PBXBuildFile</string>
		</dict>
		<key>5CBB52B01CA670FD00D9AE72</key>
		<dict>
			<key>children</key>
			<array>
				<string>5CBB52BB1CA670FD00D9AE72</string>
				<string>5CBB52D31CA670FE00D9AE72</string>
				<string>5CBB52DE1CA670FE00D9AE72</string>
				<string>5CBB52BA1CA670FD00D9AE72</string>
				<string>75BC403558673DA5005AC21D</string>
				<string>94CDD9499D4C23324068A03A</string>
			</array>
			<key>isa</key>
			<string>PBXGroup</string>
			<key>sourceTree</key>
			<string>&lt;group&gt;</string>
		</dict>
		<key>5CBB52B11CA670FD00D9AE72</key>
		<dict>
			<key>attributes</key>
			<dict>
				<key>LastSwiftUpdateCheck</key>
				<string>0730</string>
				<key>LastUpgradeCheck</key>
				<string>0730</string>
				<key>ORGANIZATIONNAME</key>
				<string>&#37073;&#22269;&#20975;</string>
				<key>TargetAttributes</key>
				<dict>
					<key>5CBB52B81CA670FD00D9AE72</key>
					<dict>
						<key>CreatedOnToolsVersion</key>
						<string>7.3</string>
					</dict>
					<key>5CBB52CF1CA670FE00D9AE72</key>
					<dict>
						<key>CreatedOnToolsVersion</key>
						<string>7.3</string>
						<key>TestTargetID</key>
						<string>5CBB52B81CA670FD00D9AE72</string>
					</dict>
					<key>5CBB52DA1CA670FE00D9AE72</key>
					<dict>
						<key>CreatedOnToolsVersion</key>
						<string>7.3</string>
						<key>TestTargetID</key>
						<string>5CBB52B81CA670FD00D9AE72</string>
					</dict>
				</dict>
			</dict>
			<key>buildConfigurationList</key>
			<string>5CBB52B41CA670FD00D9AE72</string>
			<key>compatibilityVersion</key>
			<string>Xcode 3.2</string>
			<key>developmentRegion</key>
			<string>English</string>
			<key>hasScannedForEncodings</key>
			<string>0</string>
			<key>isa</key>
			<string>PBXProject</string>
			<key>knownRegions</key>
			<array>
				<string>en</string>
				<string>Base</string>
			</array>
			<key>mainGroup</key>
			<string>5CBB52B01CA670FD00D9AE72</string>
			<key>productRefGroup</key>
			<string>5CBB52BA1CA670FD00D9AE72</string>
			<key>projectDirPath</key>
			<string></string>
			<key>projectReferences</key>
			<array/>
			<key>projectRoot</key>
			<string></string>
			<key>targets</key>
			<array>
				<string>5CBB52B81CA670FD00D9AE72</string>
				<string>5CBB52CF1CA670FE00D9AE72</string>
				<string>5CBB52DA1CA670FE00D9AE72</string>
			</array>
		</dict>
		<key>5CBB52B41CA670FD00D9AE72</key>
		<dict>
			<key>buildConfigurations</key>
			<array>
				<string>5CBB52E21CA670FE00D9AE72</string>
				<string>5CBB52E31CA670FE00D9AE72</string>
			</array>
			<key>defaultConfigurationIsVisible</key>
			<string>0</string>
			<key>defaultConfigurationName</key>
			<string>Release</string>
			<key>isa</key>
			<string>XCConfigurationList</string>
		</dict>
		<key>5CBB52B51CA670FD00D9AE72</key>
		<dict>
			<key>buildActionMask</key>
			<string>2147483647</string>
			<key>files</key>
			<array>
				<string>5CCC6F0A1CA6AE6D00109F6E</string>
				<string>5CCC6F071CA6AB9E00109F6E</string>
				<string>5C2E79C81CA67557008F58FF</string>
				<string>5C2E79CA1CA67566008F58FF</string>
				<string>5CCC6F0D1CA6B91700109F6E</string>
				<string>5CBB52BD1CA670FD00D9AE72</string>
				<string>5CD3C1511CA6C58C00A3541A</string>
				<string>5CCC6F021CA6A3E500109F6E</string>
				<string>5C1AC93C1CA6F3500008DC04</string>
				<string>5C2E79D51CA69659008F58FF</string>
				<string>5C2E79D81CA69694008F58FF</string>
				<string>5CBB52C51CA670FD00D9AE72</string>
				<string>5C2E79D01CA6761E008F58FF</string>
				<string>5C2E79CC1CA67571008F58FF</string>
				<string>5C1AC93E1CA76D860008DC04</string>
				<string>5C2E79CE1CA6757A008F58FF</string>
				<string>5C2E79D31CA676FF008F58FF</string>
			</array>
			<key>isa</key>
			<string>PBXSourcesBuildPhase</string>
			<key>runOnlyForDeploymentPostprocessing</key>
			<string>0</string>
		</dict>
		<key>5CBB52B61CA670FD00D9AE72</key>
		<dict>
			<key>buildActionMask</key>
			<string>2147483647</string>
			<key>files</key>
			<array>
				<string>902D5378EB5E158913BC8976</string>
			</array>
			<key>isa</key>
			<string>PBXFrameworksBuildPhase</string>
			<key>runOnlyForDeploymentPostprocessing</key>
			<string>0</string>
		</dict>
		<key>5CBB52B71CA670FD00D9AE72</key>
		<dict>
			<key>buildActionMask</key>
			<string>2147483647</string>
			<key>files</key>
			<array>
				<string>5CCC6F051CA6A9DA00109F6E</string>
				<string>5CBB52C71CA670FD00D9AE72</string>
			</array>
			<key>isa</key>
			<string>PBXResourcesBuildPhase</string>
			<key>runOnlyForDeploymentPostprocessing</key>
			<string>0</string>
		</dict>
		<key>5CBB52B81CA670FD00D9AE72</key>
		<dict>
			<key>buildConfigurationList</key>
			<string>5CBB52E41CA670FE00D9AE72</string>
			<key>buildPhases</key>
			<array>
				<string>D726FA69B16B29AE8343B4BC</string>
				<string>5CBB52B51CA670FD00D9AE72</string>
				<string>5CBB52B61CA670FD00D9AE72</string>
				<string>5CBB52B71CA670FD00D9AE72</string>
				<string>CFDB6911FE55051BA3B7EA59</string>
				<string>509066C2C1765CE0EB5690D9</string>
			</array>
			<key>buildRules</key>
			<array/>
			<key>dependencies</key>
			<array/>
			<key>isa</key>
			<string>PBXNativeTarget</string>
			<key>name</key>
			<string>Weibo</string>
			<key>productName</key>
			<string>Weibo</string>
			<key>productReference</key>
			<string>5CBB52B91CA670FD00D9AE72</string>
			<key>productType</key>
			<string>com.apple.product-type.application</string>
		</dict>
		<key>5CBB52B91CA670FD00D9AE72</key>
		<dict>
			<key>explicitFileType</key>
			<string>wrapper.application</string>
			<key>includeInIndex</key>
			<string>0</string>
			<key>isa</key>
			<string>PBXFileReference</string>
			<key>path</key>
			<string>Weibo.app</string>
			<key>sourceTree</key>
			<string>BUILT_PRODUCTS_DIR</string>
		</dict>
		<key>5CBB52BA1CA670FD00D9AE72</key>
		<dict>
			<key>children</key>
			<array>
				<string>5CBB52B91CA670FD00D9AE72</string>
				<string>5CBB52D01CA670FE00D9AE72</string>
				<string>5CBB52DB1CA670FE00D9AE72</string>
			</array>
			<key>isa</key>
			<string>PBXGroup</string>
			<key>name</key>
			<string>Products</string>
			<key>sourceTree</key>
			<string>&lt;group&gt;</string>
		</dict>
		<key>5CBB52BB1CA670FD00D9AE72</key>
		<dict>
			<key>children</key>
			<array>
				<string>5C2E79C11CA67483008F58FF</string>
				<string>5C2E79C01CA6747C008F58FF</string>
				<string>5C2E79BC1CA67410008F58FF</string>
			</array>
			<key>isa</key>
			<string>PBXGroup</string>
			<key>path</key>
			<string>Weibo</string>
			<key>sourceTree</key>
			<string>&lt;group&gt;</string>
		</dict>
		<key>5CBB52BC1CA670FD00D9AE72</key>
		<dict>
			<key>isa</key>
			<string>PBXFileReference</string>
			<key>lastKnownFileType</key>
			<string>sourcecode.swift</string>
			<key>path</key>
			<string>AppDelegate.swift</string>
			<key>sourceTree</key>
			<string>&lt;group&gt;</string>
		</dict>
		<key>5CBB52BD1CA670FD00D9AE72</key>
		<dict>
			<key>fileRef</key>
			<string>5CBB52BC1CA670FD00D9AE72</string>
			<key>isa</key>
			<string>PBXBuildFile</string>
		</dict>
		<key>5CBB52C31CA670FD00D9AE72</key>
		<dict>
			<key>children</key>
			<array>
				<string>5CBB52C41CA670FD00D9AE72</string>
			</array>
			<key>currentVersion</key>
			<string>5CBB52C41CA670FD00D9AE72</string>
			<key>isa</key>
			<string>XCVersionGroup</string>
			<key>path</key>
			<string>Weibo.xcdatamodeld</string>
			<key>sourceTree</key>
			<string>&lt;group&gt;</string>
			<key>versionGroupType</key>
			<string>wrapper.xcdatamodel</string>
		</dict>
		<key>5CBB52C41CA670FD00D9AE72</key>
		<dict>
			<key>isa</key>
			<string>PBXFileReference</string>
			<key>lastKnownFileType</key>
			<string>wrapper.xcdatamodel</string>
			<key>path</key>
			<string>Weibo.xcdatamodel</string>
			<key>sourceTree</key>
			<string>&lt;group&gt;</string>
		</dict>
		<key>5CBB52C51CA670FD00D9AE72</key>
		<dict>
			<key>fileRef</key>
			<string>5CBB52C31CA670FD00D9AE72</string>
			<key>isa</key>
			<string>PBXBuildFile</string>
		</dict>
		<key>5CBB52C61CA670FD00D9AE72</key>
		<dict>
			<key>isa</key>
			<string>PBXFileReference</string>
			<key>lastKnownFileType</key>
			<string>folder.assetcatalog</string>
			<key>path</key>
			<string>Assets.xcassets</string>
			<key>sourceTree</key>
			<string>&lt;group&gt;</string>
		</dict>
		<key>5CBB52C71CA670FD00D9AE72</key>
		<dict>
			<key>fileRef</key>
			<string>5CBB52C61CA670FD00D9AE72</string>
			<key>isa</key>
			<string>PBXBuildFile</string>
		</dict>
		<key>5CBB52CB1CA670FD00D9AE72</key>
		<dict>
			<key>isa</key>
			<string>PBXFileReference</string>
			<key>lastKnownFileType</key>
			<string>text.plist.xml</string>
			<key>path</key>
			<string>Info.plist</string>
			<key>sourceTree</key>
			<string>&lt;group&gt;</string>
		</dict>
		<key>5CBB52CC1CA670FE00D9AE72</key>
		<dict>
			<key>buildActionMask</key>
			<string>2147483647</string>
			<key>files</key>
			<array>
				<string>5CBB52D51CA670FE00D9AE72</string>
			</array>
			<key>isa</key>
			<string>PBXSourcesBuildPhase</string>
			<key>runOnlyForDeploymentPostprocessing</key>
			<string>0</string>
		</dict>
		<key>5CBB52CD1CA670FE00D9AE72</key>
		<dict>
			<key>buildActionMask</key>
			<string>2147483647</string>
			<key>files</key>
			<array/>
			<key>isa</key>
			<string>PBXFrameworksBuildPhase</string>
			<key>runOnlyForDeploymentPostprocessing</key>
			<string>0</string>
		</dict>
		<key>5CBB52CE1CA670FE00D9AE72</key>
		<dict>
			<key>buildActionMask</key>
			<string>2147483647</string>
			<key>files</key>
			<array/>
			<key>isa</key>
			<string>PBXResourcesBuildPhase</string>
			<key>runOnlyForDeploymentPostprocessing</key>
			<string>0</string>
		</dict>
		<key>5CBB52CF1CA670FE00D9AE72</key>
		<dict>
			<key>buildConfigurationList</key>
			<string>5CBB52E71CA670FE00D9AE72</string>
			<key>buildPhases</key>
			<array>
				<string>5CBB52CC1CA670FE00D9AE72</string>
				<string>5CBB52CD1CA670FE00D9AE72</string>
				<string>5CBB52CE1CA670FE00D9AE72</string>
			</array>
			<key>buildRules</key>
			<array/>
			<key>dependencies</key>
			<array>
				<string>5CBB52D21CA670FE00D9AE72</string>
			</array>
			<key>isa</key>
			<string>PBXNativeTarget</string>
			<key>name</key>
			<string>WeiboTests</string>
			<key>productName</key>
			<string>WeiboTests</string>
			<key>productReference</key>
			<string>5CBB52D01CA670FE00D9AE72</string>
			<key>productType</key>
			<string>com.apple.product-type.bundle.unit-test</string>
		</dict>
		<key>5CBB52D01CA670FE00D9AE72</key>
		<dict>
			<key>explicitFileType</key>
			<string>wrapper.cfbundle</string>
			<key>includeInIndex</key>
			<string>0</string>
			<key>isa</key>
			<string>PBXFileReference</string>
			<key>path</key>
			<string>WeiboTests.xctest</string>
			<key>sourceTree</key>
			<string>BUILT_PRODUCTS_DIR</string>
		</dict>
		<key>5CBB52D11CA670FE00D9AE72</key>
		<dict>
			<key>containerPortal</key>
			<string>5CBB52B11CA670FD00D9AE72</string>
			<key>isa</key>
			<string>PBXContainerItemProxy</string>
			<key>proxyType</key>
			<string>1</string>
			<key>remoteGlobalIDString</key>
			<string>5CBB52B81CA670FD00D9AE72</string>
			<key>remoteInfo</key>
			<string>Weibo</string>
		</dict>
		<key>5CBB52D21CA670FE00D9AE72</key>
		<dict>
			<key>isa</key>
			<string>PBXTargetDependency</string>
			<key>target</key>
			<string>5CBB52B81CA670FD00D9AE72</string>
			<key>targetProxy</key>
			<string>5CBB52D11CA670FE00D9AE72</string>
		</dict>
		<key>5CBB52D31CA670FE00D9AE72</key>
		<dict>
			<key>children</key>
			<array>
				<string>5CBB52D41CA670FE00D9AE72</string>
				<string>5CBB52D61CA670FE00D9AE72</string>
			</array>
			<key>isa</key>
			<string>PBXGroup</string>
			<key>path</key>
			<string>WeiboTests</string>
			<key>sourceTree</key>
			<string>&lt;group&gt;</string>
		</dict>
		<key>5CBB52D41CA670FE00D9AE72</key>
		<dict>
			<key>isa</key>
			<string>PBXFileReference</string>
			<key>lastKnownFileType</key>
			<string>sourcecode.swift</string>
			<key>path</key>
			<string>WeiboTests.swift</string>
			<key>sourceTree</key>
			<string>&lt;group&gt;</string>
		</dict>
		<key>5CBB52D51CA670FE00D9AE72</key>
		<dict>
			<key>fileRef</key>
			<string>5CBB52D41CA670FE00D9AE72</string>
			<key>isa</key>
			<string>PBXBuildFile</string>
		</dict>
		<key>5CBB52D61CA670FE00D9AE72</key>
		<dict>
			<key>isa</key>
			<string>PBXFileReference</string>
			<key>lastKnownFileType</key>
			<string>text.plist.xml</string>
			<key>path</key>
			<string>Info.plist</string>
			<key>sourceTree</key>
			<string>&lt;group&gt;</string>
		</dict>
		<key>5CBB52D71CA670FE00D9AE72</key>
		<dict>
			<key>buildActionMask</key>
			<string>2147483647</string>
			<key>files</key>
			<array>
				<string>5CBB52E01CA670FE00D9AE72</string>
			</array>
			<key>isa</key>
			<string>PBXSourcesBuildPhase</string>
			<key>runOnlyForDeploymentPostprocessing</key>
			<string>0</string>
		</dict>
		<key>5CBB52D81CA670FE00D9AE72</key>
		<dict>
			<key>buildActionMask</key>
			<string>2147483647</string>
			<key>files</key>
			<array/>
			<key>isa</key>
			<string>PBXFrameworksBuildPhase</string>
			<key>runOnlyForDeploymentPostprocessing</key>
			<string>0</string>
		</dict>
		<key>5CBB52D91CA670FE00D9AE72</key>
		<dict>
			<key>buildActionMask</key>
			<string>2147483647</string>
			<key>files</key>
			<array/>
			<key>isa</key>
			<string>PBXResourcesBuildPhase</string>
			<key>runOnlyForDeploymentPostprocessing</key>
			<string>0</string>
		</dict>
		<key>5CBB52DA1CA670FE00D9AE72</key>
		<dict>
			<key>buildConfigurationList</key>
			<string>5CBB52EA1CA670FE00D9AE72</string>
			<key>buildPhases</key>
			<array>
				<string>5CBB52D71CA670FE00D9AE72</string>
				<string>5CBB52D81CA670FE00D9AE72</string>
				<string>5CBB52D91CA670FE00D9AE72</string>
			</array>
			<key>buildRules</key>
			<array/>
			<key>dependencies</key>
			<array>
				<string>5CBB52DD1CA670FE00D9AE72</string>
			</array>
			<key>isa</key>
			<string>PBXNativeTarget</string>
			<key>name</key>
			<string>WeiboUITests</string>
			<key>productName</key>
			<string>WeiboUITests</string>
			<key>productReference</key>
			<string>5CBB52DB1CA670FE00D9AE72</string>
			<key>productType</key>
			<string>com.apple.product-type.bundle.ui-testing</string>
		</dict>
		<key>5CBB52DB1CA670FE00D9AE72</key>
		<dict>
			<key>explicitFileType</key>
			<string>wrapper.cfbundle</string>
			<key>includeInIndex</key>
			<string>0</string>
			<key>isa</key>
			<string>PBXFileReference</string>
			<key>path</key>
			<string>WeiboUITests.xctest</string>
			<key>sourceTree</key>
			<string>BUILT_PRODUCTS_DIR</string>
		</dict>
		<key>5CBB52DC1CA670FE00D9AE72</key>
		<dict>
			<key>containerPortal</key>
			<string>5CBB52B11CA670FD00D9AE72</string>
			<key>isa</key>
			<string>PBXContainerItemProxy</string>
			<key>proxyType</key>
			<string>1</string>
			<key>remoteGlobalIDString</key>
			<string>5CBB52B81CA670FD00D9AE72</string>
			<key>remoteInfo</key>
			<string>Weibo</string>
		</dict>
		<key>5CBB52DD1CA670FE00D9AE72</key>
		<dict>
			<key>isa</key>
			<string>PBXTargetDependency</string>
			<key>target</key>
			<string>5CBB52B81CA670FD00D9AE72</string>
			<key>targetProxy</key>
			<string>5CBB52DC1CA670FE00D9AE72</string>
		</dict>
		<key>5CBB52DE1CA670FE00D9AE72</key>
		<dict>
			<key>children</key>
			<array>
				<string>5CBB52DF1CA670FE00D9AE72</string>
				<string>5CBB52E11CA670FE00D9AE72</string>
			</array>
			<key>isa</key>
			<string>PBXGroup</string>
			<key>path</key>
			<string>WeiboUITests</string>
			<key>sourceTree</key>
			<string>&lt;group&gt;</string>
		</dict>
		<key>5CBB52DF1CA670FE00D9AE72</key>
		<dict>
			<key>isa</key>
			<string>PBXFileReference</string>
			<key>lastKnownFileType</key>
			<string>sourcecode.swift</string>
			<key>path</key>
			<string>WeiboUITests.swift</string>
			<key>sourceTree</key>
			<string>&lt;group&gt;</string>
		</dict>
		<key>5CBB52E01CA670FE00D9AE72</key>
		<dict>
			<key>fileRef</key>
			<string>5CBB52DF1CA670FE00D9AE72</string>
			<key>isa</key>
			<string>PBXBuildFile</string>
		</dict>
		<key>5CBB52E11CA670FE00D9AE72</key>
		<dict>
			<key>isa</key>
			<string>PBXFileReference</string>
			<key>lastKnownFileType</key>
			<string>text.plist.xml</string>
			<key>path</key>
			<string>Info.plist</string>
			<key>sourceTree</key>
			<string>&lt;group&gt;</string>
		</dict>
		<key>5CBB52E21CA670FE00D9AE72</key>
		<dict>
			<key>buildSettings</key>
			<dict>
				<key>ALWAYS_SEARCH_USER_PATHS</key>
				<string>NO</string>
				<key>CLANG_ANALYZER_NONNULL</key>
				<string>YES</string>
				<key>CLANG_CXX_LANGUAGE_STANDARD</key>
				<string>gnu++0x</string>
				<key>CLANG_CXX_LIBRARY</key>
				<string>libc++</string>
				<key>CLANG_ENABLE_MODULES</key>
				<string>YES</string>
				<key>CLANG_ENABLE_OBJC_ARC</key>
				<string>YES</string>
				<key>CLANG_WARN_BOOL_CONVERSION</key>
				<string>YES</string>
				<key>CLANG_WARN_CONSTANT_CONVERSION</key>
				<string>YES</string>
				<key>CLANG_WARN_DIRECT_OBJC_ISA_USAGE</key>
				<string>YES_ERROR</string>
				<key>CLANG_WARN_EMPTY_BODY</key>
				<string>YES</string>
				<key>CLANG_WARN_ENUM_CONVERSION</key>
				<string>YES</string>
				<key>CLANG_WARN_INT_CONVERSION</key>
				<string>YES</string>
				<key>CLANG_WARN_OBJC_ROOT_CLASS</key>
				<string>YES_ERROR</string>
				<key>CLANG_WARN_UNREACHABLE_CODE</key>
				<string>YES</string>
				<key>CLANG_WARN__DUPLICATE_METHOD_MATCH</key>
				<string>YES</string>
				<key>CODE_SIGN_IDENTITY[sdk=iphoneos*]</key>
				<string>iPhone Developer</string>
				<key>COPY_PHASE_STRIP</key>
				<string>NO</string>
				<key>DEBUG_INFORMATION_FORMAT</key>
				<string>dwarf</string>
				<key>ENABLE_STRICT_OBJC_MSGSEND</key>
				<string>YES</string>
				<key>ENABLE_TESTABILITY</key>
				<string>YES</string>
				<key>GCC_C_LANGUAGE_STANDARD</key>
				<string>gnu99</string>
				<key>GCC_DYNAMIC_NO_PIC</key>
				<string>NO</string>
				<key>GCC_NO_COMMON_BLOCKS</key>
				<string>YES</string>
				<key>GCC_OPTIMIZATION_LEVEL</key>
				<string>0</string>
				<key>GCC_PREPROCESSOR_DEFINITIONS</key>
				<array>
					<string>DEBUG=1</string>
					<string>$(inherited)</string>
				</array>
				<key>GCC_WARN_64_TO_32_BIT_CONVERSION</key>
				<string>YES</string>
				<key>GCC_WARN_ABOUT_RETURN_TYPE</key>
				<string>YES_ERROR</string>
				<key>GCC_WARN_UNDECLARED_SELECTOR</key>
				<string>YES</string>
				<key>GCC_WARN_UNINITIALIZED_AUTOS</key>
				<string>YES_AGGRESSIVE</string>
				<key>GCC_WARN_UNUSED_FUNCTION</key>
				<string>YES</string>
				<key>GCC_WARN_UNUSED_VARIABLE</key>
				<string>YES</string>
				<key>IPHONEOS_DEPLOYMENT_TARGET</key>
				<string>9.3</string>
				<key>MTL_ENABLE_DEBUG_INFO</key>
				<string>YES</string>
				<key>ONLY_ACTIVE_ARCH</key>
				<string>YES</string>
				<key>SDKROOT</key>
				<string>iphoneos</string>
				<key>SWIFT_OPTIMIZATION_LEVEL</key>
				<string>-Onone</string>
				<key>TARGETED_DEVICE_FAMILY</key>
				<string>1,2</string>
			</dict>
			<key>isa</key>
			<string>XCBuildConfiguration</string>
			<key>name</key>
			<string>Debug</string>
		</dict>
		<key>5CBB52E31CA670FE00D9AE72</key>
		<dict>
			<key>buildSettings</key>
			<dict>
				<key>ALWAYS_SEARCH_USER_PATHS</key>
				<string>NO</string>
				<key>CLANG_ANALYZER_NONNULL</key>
				<string>YES</string>
				<key>CLANG_CXX_LANGUAGE_STANDARD</key>
				<string>gnu++0x</string>
				<key>CLANG_CXX_LIBRARY</key>
				<string>libc++</string>
				<key>CLANG_ENABLE_MODULES</key>
				<string>YES</string>
				<key>CLANG_ENABLE_OBJC_ARC</key>
				<string>YES</string>
				<key>CLANG_WARN_BOOL_CONVERSION</key>
				<string>YES</string>
				<key>CLANG_WARN_CONSTANT_CONVERSION</key>
				<string>YES</string>
				<key>CLANG_WARN_DIRECT_OBJC_ISA_USAGE</key>
				<string>YES_ERROR</string>
				<key>CLANG_WARN_EMPTY_BODY</key>
				<string>YES</string>
				<key>CLANG_WARN_ENUM_CONVERSION</key>
				<string>YES</string>
				<key>CLANG_WARN_INT_CONVERSION</key>
				<string>YES</string>
				<key>CLANG_WARN_OBJC_ROOT_CLASS</key>
				<string>YES_ERROR</string>
				<key>CLANG_WARN_UNREACHABLE_CODE</key>
				<string>YES</string>
				<key>CLANG_WARN__DUPLICATE_METHOD_MATCH</key>
				<string>YES</string>
				<key>CODE_SIGN_IDENTITY[sdk=iphoneos*]</key>
				<string>iPhone Developer</string>
				<key>COPY_PHASE_STRIP</key>
				<string>NO</string>
				<key>DEBUG_INFORMATION_FORMAT</key>
				<string>dwarf-with-dsym</string>
				<key>ENABLE_NS_ASSERTIONS</key>
				<string>NO</string>
				<key>ENABLE_STRICT_OBJC_MSGSEND</key>
				<string>YES</string>
				<key>GCC_C_LANGUAGE_STANDARD</key>
				<string>gnu99</string>
				<key>GCC_NO_COMMON_BLOCKS</key>
				<string>YES</string>
				<key>GCC_WARN_64_TO_32_BIT_CONVERSION</key>
				<string>YES</string>
				<key>GCC_WARN_ABOUT_RETURN_TYPE</key>
				<string>YES_ERROR</string>
				<key>GCC_WARN_UNDECLARED_SELECTOR</key>
				<string>YES</string>
				<key>GCC_WARN_UNINITIALIZED_AUTOS</key>
				<string>YES_AGGRESSIVE</string>
				<key>GCC_WARN_UNUSED_FUNCTION</key>
				<string>YES</string>
				<key>GCC_WARN_UNUSED_VARIABLE</key>
				<string>YES</string>
				<key>IPHONEOS_DEPLOYMENT_TARGET</key>
				<string>9.3</string>
				<key>MTL_ENABLE_DEBUG_INFO</key>
				<string>NO</string>
				<key>SDKROOT</key>
				<string>iphoneos</string>
				<key>TARGETED_DEVICE_FAMILY</key>
				<string>1,2</string>
				<key>VALIDATE_PRODUCT</key>
				<string>YES</string>
			</dict>
			<key>isa</key>
			<string>XCBuildConfiguration</string>
			<key>name</key>
			<string>Release</string>
		</dict>
		<key>5CBB52E41CA670FE00D9AE72</key>
		<dict>
			<key>buildConfigurations</key>
			<array>
				<string>5CBB52E51CA670FE00D9AE72</string>
				<string>5CBB52E61CA670FE00D9AE72</string>
			</array>
			<key>defaultConfigurationIsVisible</key>
			<string>0</string>
			<key>defaultConfigurationName</key>
			<string>Release</string>
			<key>isa</key>
			<string>XCConfigurationList</string>
		</dict>
		<key>5CBB52E51CA670FE00D9AE72</key>
		<dict>
			<key>baseConfigurationReference</key>
			<string>1E735BC995AD4B967B737A85</string>
			<key>buildSettings</key>
			<dict>
				<key>ASSETCATALOG_COMPILER_APPICON_NAME</key>
				<string>AppIcon</string>
				<key>ASSETCATALOG_COMPILER_LAUNCHIMAGE_NAME</key>
				<string>Brand Assets</string>
				<key>INFOPLIST_FILE</key>
				<string>Weibo/Info.plist</string>
				<key>LD_RUNPATH_SEARCH_PATHS</key>
				<string>$(inherited) @executable_path/Frameworks</string>
				<key>PRODUCT_BUNDLE_IDENTIFIER</key>
				<string>zgk.Weibo</string>
				<key>PRODUCT_NAME</key>
				<string>$(TARGET_NAME)</string>
			</dict>
			<key>isa</key>
			<string>XCBuildConfiguration</string>
			<key>name</key>
			<string>Debug</string>
		</dict>
		<key>5CBB52E61CA670FE00D9AE72</key>
		<dict>
			<key>baseConfigurationReference</key>
			<string>263E0596FE733FD0B08E6083</string>
			<key>buildSettings</key>
			<dict>
				<key>ASSETCATALOG_COMPILER_APPICON_NAME</key>
				<string>AppIcon</string>
				<key>ASSETCATALOG_COMPILER_LAUNCHIMAGE_NAME</key>
				<string>Brand Assets</string>
				<key>INFOPLIST_FILE</key>
				<string>Weibo/Info.plist</string>
				<key>LD_RUNPATH_SEARCH_PATHS</key>
				<string>$(inherited) @executable_path/Frameworks</string>
				<key>PRODUCT_BUNDLE_IDENTIFIER</key>
				<string>zgk.Weibo</string>
				<key>PRODUCT_NAME</key>
				<string>$(TARGET_NAME)</string>
			</dict>
			<key>isa</key>
			<string>XCBuildConfiguration</string>
			<key>name</key>
			<string>Release</string>
		</dict>
		<key>5CBB52E71CA670FE00D9AE72</key>
		<dict>
			<key>buildConfigurations</key>
			<array>
				<string>5CBB52E81CA670FE00D9AE72</string>
				<string>5CBB52E91CA670FE00D9AE72</string>
			</array>
			<key>defaultConfigurationIsVisible</key>
			<string>0</string>
			<key>defaultConfigurationName</key>
			<string>Release</string>
			<key>isa</key>
			<string>XCConfigurationList</string>
		</dict>
		<key>5CBB52E81CA670FE00D9AE72</key>
		<dict>
			<key>buildSettings</key>
			<dict>
				<key>BUNDLE_LOADER</key>
				<string>$(TEST_HOST)</string>
				<key>INFOPLIST_FILE</key>
				<string>WeiboTests/Info.plist</string>
				<key>LD_RUNPATH_SEARCH_PATHS</key>
				<string>$(inherited) @executable_path/Frameworks @loader_path/Frameworks</string>
				<key>PRODUCT_BUNDLE_IDENTIFIER</key>
				<string>zgk.WeiboTests</string>
				<key>PRODUCT_NAME</key>
				<string>$(TARGET_NAME)</string>
				<key>TEST_HOST</key>
				<string>$(BUILT_PRODUCTS_DIR)/Weibo.app/Weibo</string>
			</dict>
			<key>isa</key>
			<string>XCBuildConfiguration</string>
			<key>name</key>
			<string>Debug</string>
		</dict>
		<key>5CBB52E91CA670FE00D9AE72</key>
		<dict>
			<key>buildSettings</key>
			<dict>
				<key>BUNDLE_LOADER</key>
				<string>$(TEST_HOST)</string>
				<key>INFOPLIST_FILE</key>
				<string>WeiboTests/Info.plist</string>
				<key>LD_RUNPATH_SEARCH_PATHS</key>
				<string>$(inherited) @executable_path/Frameworks @loader_path/Frameworks</string>
				<key>PRODUCT_BUNDLE_IDENTIFIER</key>
				<string>zgk.WeiboTests</string>
				<key>PRODUCT_NAME</key>
				<string>$(TARGET_NAME)</string>
				<key>TEST_HOST</key>
				<string>$(BUILT_PRODUCTS_DIR)/Weibo.app/Weibo</string>
			</dict>
			<key>isa</key>
			<string>XCBuildConfiguration</string>
			<key>name</key>
			<string>Release</string>
		</dict>
		<key>5CBB52EA1CA670FE00D9AE72</key>
		<dict>
			<key>buildConfigurations</key>
			<array>
				<string>5CBB52EB1CA670FE00D9AE72</string>
				<string>5CBB52EC1CA670FE00D9AE72</string>
			</array>
			<key>defaultConfigurationIsVisible</key>
			<string>0</string>
			<key>defaultConfigurationName</key>
			<string>Release</string>
			<key>isa</key>
			<string>XCConfigurationList</string>
		</dict>
		<key>5CBB52EB1CA670FE00D9AE72</key>
		<dict>
			<key>buildSettings</key>
			<dict>
				<key>INFOPLIST_FILE</key>
				<string>WeiboUITests/Info.plist</string>
				<key>LD_RUNPATH_SEARCH_PATHS</key>
				<string>$(inherited) @executable_path/Frameworks @loader_path/Frameworks</string>
				<key>PRODUCT_BUNDLE_IDENTIFIER</key>
				<string>zgk.WeiboUITests</string>
				<key>PRODUCT_NAME</key>
				<string>$(TARGET_NAME)</string>
				<key>TEST_TARGET_NAME</key>
				<string>Weibo</string>
			</dict>
			<key>isa</key>
			<string>XCBuildConfiguration</string>
			<key>name</key>
			<string>Debug</string>
		</dict>
		<key>5CBB52EC1CA670FE00D9AE72</key>
		<dict>
			<key>buildSettings</key>
			<dict>
				<key>INFOPLIST_FILE</key>
				<string>WeiboUITests/Info.plist</string>
				<key>LD_RUNPATH_SEARCH_PATHS</key>
				<string>$(inherited) @executable_path/Frameworks @loader_path/Frameworks</string>
				<key>PRODUCT_BUNDLE_IDENTIFIER</key>
				<string>zgk.WeiboUITests</string>
				<key>PRODUCT_NAME</key>
				<string>$(TARGET_NAME)</string>
				<key>TEST_TARGET_NAME</key>
				<string>Weibo</string>
			</dict>
			<key>isa</key>
			<string>XCBuildConfiguration</string>
			<key>name</key>
			<string>Release</string>
		</dict>
		<key>5CCC6F011CA6A3E500109F6E</key>
		<dict>
			<key>fileEncoding</key>
			<string>4</string>
			<key>isa</key>
			<string>PBXFileReference</string>
			<key>lastKnownFileType</key>
			<string>sourcecode.swift</string>
			<key>path</key>
			<string>WBTitleButton.swift</string>
			<key>sourceTree</key>
			<string>&lt;group&gt;</string>
		</dict>
		<key>5CCC6F021CA6A3E500109F6E</key>
		<dict>
			<key>fileRef</key>
			<string>5CCC6F011CA6A3E500109F6E</string>
			<key>isa</key>
			<string>PBXBuildFile</string>
		</dict>
		<key>5CCC6F031CA6A9BE00109F6E</key>
		<dict>
			<key>children</key>
			<array>
				<string>5CCC6F041CA6A9DA00109F6E</string>
			</array>
			<key>isa</key>
			<string>PBXGroup</string>
			<key>name</key>
			<string>Home</string>
			<key>sourceTree</key>
			<string>&lt;group&gt;</string>
		</dict>
		<key>5CCC6F041CA6A9DA00109F6E</key>
		<dict>
			<key>fileEncoding</key>
			<string>4</string>
			<key>isa</key>
			<string>PBXFileReference</string>
			<key>lastKnownFileType</key>
			<string>file.storyboard</string>
			<key>path</key>
			<string>WBHome.storyboard</string>
			<key>sourceTree</key>
			<string>&lt;group&gt;</string>
		</dict>
		<key>5CCC6F051CA6A9DA00109F6E</key>
		<dict>
			<key>fileRef</key>
			<string>5CCC6F041CA6A9DA00109F6E</string>
			<key>isa</key>
			<string>PBXBuildFile</string>
		</dict>
		<key>5CCC6F061CA6AB9E00109F6E</key>
		<dict>
			<key>fileEncoding</key>
			<string>4</string>
			<key>isa</key>
			<string>PBXFileReference</string>
			<key>lastKnownFileType</key>
			<string>sourcecode.swift</string>
			<key>path</key>
			<string>WBHomePopoverViewController.swift</string>
			<key>sourceTree</key>
			<string>&lt;group&gt;</string>
		</dict>
		<key>5CCC6F071CA6AB9E00109F6E</key>
		<dict>
			<key>fileRef</key>
			<string>5CCC6F061CA6AB9E00109F6E</string>
			<key>isa</key>
			<string>PBXBuildFile</string>
		</dict>
		<key>5CCC6F081CA6AE3C00109F6E</key>
		<dict>
			<key>children</key>
			<array>
				<string>5CCC6F091CA6AE6D00109F6E</string>
			</array>
			<key>isa</key>
			<string>PBXGroup</string>
			<key>name</key>
			<string>Custom</string>
			<key>sourceTree</key>
			<string>&lt;group&gt;</string>
		</dict>
		<key>5CCC6F091CA6AE6D00109F6E</key>
		<dict>
			<key>fileEncoding</key>
			<string>4</string>
			<key>isa</key>
			<string>PBXFileReference</string>
			<key>lastKnownFileType</key>
			<string>sourcecode.swift</string>
			<key>path</key>
			<string>WBCustomPresentationController.swift</string>
			<key>sourceTree</key>
			<string>&lt;group&gt;</string>
		</dict>
		<key>5CCC6F0A1CA6AE6D00109F6E</key>
		<dict>
			<key>fileRef</key>
			<string>5CCC6F091CA6AE6D00109F6E</string>
			<key>isa</key>
			<string>PBXBuildFile</string>
		</dict>
		<key>5CCC6F0B1CA6B8F400109F6E</key>
		<dict>
			<key>children</key>
			<array>
				<string>5CCC6F061CA6AB9E00109F6E</string>
				<string>5CCC6F0C1CA6B91700109F6E</string>
			</array>
			<key>isa</key>
			<string>PBXGroup</string>
			<key>name</key>
			<string>Popover</string>
			<key>sourceTree</key>
			<string>&lt;group&gt;</string>
		</dict>
		<key>5CCC6F0C1CA6B91700109F6E</key>
		<dict>
			<key>fileEncoding</key>
			<string>4</string>
			<key>isa</key>
			<string>PBXFileReference</string>
			<key>lastKnownFileType</key>
			<string>sourcecode.swift</string>
			<key>path</key>
			<string>WBHomePopoverAnimator.swift</string>
			<key>sourceTree</key>
			<string>&lt;group&gt;</string>
		</dict>
		<key>5CCC6F0D1CA6B91700109F6E</key>
		<dict>
			<key>fileRef</key>
			<string>5CCC6F0C1CA6B91700109F6E</string>
			<key>isa</key>
			<string>PBXBuildFile</string>
		</dict>
		<key>5CD3C14F1CA6C56E00A3541A</key>
		<dict>
			<key>children</key>
			<array>
				<string>5CD3C1501CA6C58C00A3541A</string>
				<string>5C1AC93B1CA6F3500008DC04</string>
			</array>
			<key>isa</key>
			<string>PBXGroup</string>
			<key>name</key>
			<string>QRCode</string>
			<key>sourceTree</key>
			<string>&lt;group&gt;</string>
		</dict>
		<key>5CD3C1501CA6C58C00A3541A</key>
		<dict>
			<key>fileEncoding</key>
			<string>4</string>
			<key>isa</key>
			<string>PBXFileReference</string>
			<key>lastKnownFileType</key>
			<string>sourcecode.swift</string>
			<key>path</key>
			<string>WBHomeQRCodeViewController.swift</string>
			<key>sourceTree</key>
			<string>&lt;group&gt;</string>
		</dict>
		<key>5CD3C1511CA6C58C00A3541A</key>
		<dict>
			<key>fileRef</key>
			<string>5CD3C1501CA6C58C00A3541A</string>
			<key>isa</key>
			<string>PBXBuildFile</string>
		</dict>
		<key>75BC403558673DA5005AC21D</key>
		<dict>
			<key>children</key>
			<array>
				<string>1E735BC995AD4B967B737A85</string>
				<string>263E0596FE733FD0B08E6083</string>
			</array>
			<key>isa</key>
			<string>PBXGroup</string>
			<key>name</key>
			<string>Pods</string>
			<key>sourceTree</key>
			<string>&lt;group&gt;</string>
		</dict>
		<key>902D5378EB5E158913BC8976</key>
		<dict>
			<key>fileRef</key>
			<string>C3ED8391B5BBEF95B6D67FC7</string>
			<key>isa</key>
			<string>PBXBuildFile</string>
		</dict>
		<key>94CDD9499D4C23324068A03A</key>
		<dict>
			<key>children</key>
			<array>
				<string>C3ED8391B5BBEF95B6D67FC7</string>
			</array>
			<key>isa</key>
			<string>PBXGroup</string>
			<key>name</key>
			<string>Frameworks</string>
			<key>sourceTree</key>
			<string>&lt;group&gt;</string>
		</dict>
		<key>C3ED8391B5BBEF95B6D67FC7</key>
		<dict>
			<key>explicitFileType</key>
			<string>wrapper.framework</string>
			<key>includeInIndex</key>
			<string>0</string>
			<key>isa</key>
			<string>PBXFileReference</string>
			<key>path</key>
			<string>Pods.framework</string>
			<key>sourceTree</key>
			<string>BUILT_PRODUCTS_DIR</string>
		</dict>
		<key>CFDB6911FE55051BA3B7EA59</key>
		<dict>
			<key>buildActionMask</key>
			<string>2147483647</string>
			<key>files</key>
			<array/>
			<key>inputPaths</key>
			<array/>
			<key>isa</key>
			<string>PBXShellScriptBuildPhase</string>
			<key>name</key>
			<string>Embed Pods Frameworks</string>
			<key>outputPaths</key>
			<array/>
			<key>runOnlyForDeploymentPostprocessing</key>
			<string>0</string>
			<key>shellPath</key>
			<string>/bin/sh</string>
			<key>shellScript</key>
			<string>"${SRCROOT}/Pods/Target Support Files/Pods/Pods-frameworks.sh"
</string>
			<key>showEnvVarsInLog</key>
			<string>0</string>
		</dict>
		<key>D726FA69B16B29AE8343B4BC</key>
		<dict>
			<key>buildActionMask</key>
			<string>2147483647</string>
			<key>files</key>
			<array/>
			<key>inputPaths</key>
			<array/>
			<key>isa</key>
			<string>PBXShellScriptBuildPhase</string>
			<key>name</key>
			<string>Check Pods Manifest.lock</string>
			<key>outputPaths</key>
			<array/>
			<key>runOnlyForDeploymentPostprocessing</key>
			<string>0</string>
			<key>shellPath</key>
			<string>/bin/sh</string>
			<key>shellScript</key>
			<string>diff "${PODS_ROOT}/../Podfile.lock" "${PODS_ROOT}/Manifest.lock" &gt; /dev/null
if [[ $? != 0 ]] ; then
    cat &lt;&lt; EOM
error: The sandbox is not in sync with the Podfile.lock. Run 'pod install' or update your CocoaPods installation.
EOM
    exit 1
fi
</string>
			<key>showEnvVarsInLog</key>
			<string>0</string>
		</dict>
	</dict>
	<key>rootObject</key>
	<string>5CBB52B11CA670FD00D9AE72</string>
</dict>
</plist>
